
Microsoft Visual Studio Solution File, Format Version 12.00
# Visual Studio Version 17
VisualStudioVersion = 17.9.34701.34
MinimumVisualStudioVersion = 10.0.40219.1
Project("{9A19103F-16F7-4668-BE54-9A1E7A4F7556}") = "Demo.WebApi", "Demo\Demo.WebApi\Demo.WebApi.csproj", "{D37EBFC1-EE0B-4502-98C8-34BF035BE385}"
EndProject
Project("{2150E333-8FDC-42A3-9474-1A3956D46DE8}") = "Tests", "Tests", "{0B22186C-B2E7-4C45-BBD5-1102114472CD}"
EndProject
Project("{9A19103F-16F7-4668-BE54-9A1E7A4F7556}") = "Demo.ConsoleApp.Tests", "Tests\Demo.ConsoleApp.Tests\Demo.ConsoleApp.Tests.csproj", "{DF7446E4-831D-42B8-B49F-620FA1074C63}"
EndProject
Project("{9A19103F-16F7-4668-BE54-9A1E7A4F7556}") = "Demo.ConsoleApp", "Demo\Demo.ConsoleApp\Demo.ConsoleApp.csproj", "{94FA5B5C-9314-4F6C-A1A9-3458750CFF24}"
EndProject
Project("{2150E333-8FDC-42A3-9474-1A3956D46DE8}") = "Demo", "Demo", "{CF33DCB0-37B2-4D5B-881D-013640402E5E}"
EndProject
Global
	GlobalSection(SolutionConfigurationPlatforms) = preSolution
		Debug|Any CPU = Debug|Any CPU
		Release|Any CPU = Release|Any CPU
	EndGlobalSection
	GlobalSection(ProjectConfigurationPlatforms) = postSolution
		{D37EBFC1-EE0B-4502-98C8-34BF035BE385}.Debug|Any CPU.ActiveCfg = Debug|Any CPU
		{D37EBFC1-EE0B-4502-98C8-34BF035BE385}.Debug|Any CPU.Build.0 = Debug|Any CPU
		{D37EBFC1-EE0B-4502-98C8-34BF035BE385}.Release|Any CPU.ActiveCfg = Release|Any CPU
		{D37EBFC1-EE0B-4502-98C8-34BF035BE385}.Release|Any CPU.Build.0 = Release|Any CPU
		{DF7446E4-831D-42B8-B49F-620FA1074C63}.Debug|Any CPU.ActiveCfg = Debug|Any CPU
		{DF7446E4-831D-42B8-B49F-620FA1074C63}.Debug|Any CPU.Build.0 = Debug|Any CPU
		{DF7446E4-831D-42B8-B49F-620FA1074C63}.Release|Any CPU.ActiveCfg = Release|Any CPU
		{DF7446E4-831D-42B8-B49F-620FA1074C63}.Release|Any CPU.Build.0 = Release|Any CPU
		{94FA5B5C-9314-4F6C-A1A9-3458750CFF24}.Debug|Any CPU.ActiveCfg = Debug|Any CPU
		{94FA5B5C-9314-4F6C-A1A9-3458750CFF24}.Debug|Any CPU.Build.0 = Debug|Any CPU
		{94FA5B5C-9314-4F6C-A1A9-3458750CFF24}.Release|Any CPU.ActiveCfg = Release|Any CPU
		{94FA5B5C-9314-4F6C-A1A9-3458750CFF24}.Release|Any CPU.Build.0 = Release|Any CPU
	EndGlobalSection
	GlobalSection(SolutionProperties) = preSolution
		HideSolutionNode = FALSE
	EndGlobalSection
	GlobalSection(NestedProjects) = preSolution
		{D37EBFC1-EE0B-4502-98C8-34BF035BE385} = {CF33DCB0-37B2-4D5B-881D-013640402E5E}
		{DF7446E4-831D-42B8-B49F-620FA1074C63} = {0B22186C-B2E7-4C45-BBD5-1102114472CD}
		{94FA5B5C-9314-4F6C-A1A9-3458750CFF24} = {CF33DCB0-37B2-4D5B-881D-013640402E5E}
	EndGlobalSection
	GlobalSection(ExtensibilityGlobals) = postSolution
		SolutionGuid = {43792465-53D7-43E8-95EF-DEBF6C3EC6A9}
	EndGlobalSection
EndGlobal
